// !$*UTF8*$!
{
	archiveVersion = 1;
	classes = {
	};
	objectVersion = 77;
	objects = {

/* Begin PBXBuildFile section */
		0018041B2E31B3FD004EFF1C /* Lottie in Frameworks */ = {isa = PBXBuildFile; productRef = 0018041A2E31B3FD004EFF1C /* Lottie */; };
		00420A6E2E33060B00D7B378 /* PieChart in Frameworks */ = {isa = PBXBuildFile; productRef = 00420A6D2E33060B00D7B378 /* PieChart */; };
		00420A702E33060B00D7B378 /* Utilities in Frameworks */ = {isa = PBXBuildFile; productRef = 00420A6F2E33060B00D7B378 /* Utilities */; };
		00420BA92E332D8D00D7B378 /* LottieAnimation in Frameworks */ = {isa = PBXBuildFile; productRef = 00420BA82E332D8D00D7B378 /* LottieAnimation */; };
/* End PBXBuildFile section */

/* Begin PBXContainerItemProxy section */
		00A51BD62DF9B0D100BE0122 /* PBXContainerItemProxy */ = {
			isa = PBXContainerItemProxy;
			containerPortal = 00A51BBD2DF9B0D000BE0122 /* Project object */;
			proxyType = 1;
			remoteGlobalIDString = 00A51BC42DF9B0D000BE0122;
			remoteInfo = FinanceApp;
		};
		00A51BE02DF9B0D100BE0122 /* PBXContainerItemProxy */ = {
			isa = PBXContainerItemProxy;
			containerPortal = 00A51BBD2DF9B0D000BE0122 /* Project object */;
			proxyType = 1;
			remoteGlobalIDString = 00A51BC42DF9B0D000BE0122;
			remoteInfo = FinanceApp;
		};
/* End PBXContainerItemProxy section */

/* Begin PBXCopyFilesBuildPhase section */
		001804282E31B78E004EFF1C /* Embed Frameworks */ = {
			isa = PBXCopyFilesBuildPhase;
			buildActionMask = 2147483647;
			dstPath = "";
			dstSubfolderSpec = 10;
			files = (
			);
			name = "Embed Frameworks";
			runOnlyForDeploymentPostprocessing = 0;
		};
/* End PBXCopyFilesBuildPhase section */

/* Begin PBXFileReference section */
		00A51BC52DF9B0D000BE0122 /* FinanceApp.app */ = {isa = PBXFileReference; explicitFileType = wrapper.application; includeInIndex = 0; path = FinanceApp.app; sourceTree = BUILT_PRODUCTS_DIR; };
		00A51BD52DF9B0D100BE0122 /* FinanceAppTests.xctest */ = {isa = PBXFileReference; explicitFileType = wrapper.cfbundle; includeInIndex = 0; path = FinanceAppTests.xctest; sourceTree = BUILT_PRODUCTS_DIR; };
		00A51BDF2DF9B0D100BE0122 /* FinanceAppUITests.xctest */ = {isa = PBXFileReference; explicitFileType = wrapper.cfbundle; includeInIndex = 0; path = FinanceAppUITests.xctest; sourceTree = BUILT_PRODUCTS_DIR; };
/* End PBXFileReference section */

/* Begin PBXFileSystemSynchronizedRootGroup section */
		00A51BC72DF9B0D000BE0122 /* FinanceApp */ = {
			isa = PBXFileSystemSynchronizedRootGroup;
			path = FinanceApp;
			sourceTree = "<group>";
		};
		00A51BD82DF9B0D100BE0122 /* FinanceAppTests */ = {
			isa = PBXFileSystemSynchronizedRootGroup;
			path = FinanceAppTests;
			sourceTree = "<group>";
		};
		00A51BE22DF9B0D100BE0122 /* FinanceAppUITests */ = {
			isa = PBXFileSystemSynchronizedRootGroup;
			path = FinanceAppUITests;
			sourceTree = "<group>";
		};
/* End PBXFileSystemSynchronizedRootGroup section */

/* Begin PBXFrameworksBuildPhase section */
		00A51BC22DF9B0D000BE0122 /* Frameworks */ = {
			isa = PBXFrameworksBuildPhase;
			buildActionMask = 2147483647;
			files = (
				00420BA92E332D8D00D7B378 /* LottieAnimation in Frameworks */,
				00420A6E2E33060B00D7B378 /* PieChart in Frameworks */,
				00420A702E33060B00D7B378 /* Utilities in Frameworks */,
				0018041B2E31B3FD004EFF1C /* Lottie in Frameworks */,
			);
			runOnlyForDeploymentPostprocessing = 0;
		};
		00A51BD22DF9B0D100BE0122 /* Frameworks */ = {
			isa = PBXFrameworksBuildPhase;
			buildActionMask = 2147483647;
			files = (
			);
			runOnlyForDeploymentPostprocessing = 0;
		};
		00A51BDC2DF9B0D100BE0122 /* Frameworks */ = {
			isa = PBXFrameworksBuildPhase;
			buildActionMask = 2147483647;
			files = (
			);
			runOnlyForDeploymentPostprocessing = 0;
		};
/* End PBXFrameworksBuildPhase section */

/* Begin PBXGroup section */
		00A51BBC2DF9B0D000BE0122 = {
			isa = PBXGroup;
			children = (
				00A51BC72DF9B0D000BE0122 /* FinanceApp */,
				00A51BD82DF9B0D100BE0122 /* FinanceAppTests */,
				00A51BE22DF9B0D100BE0122 /* FinanceAppUITests */,
				00A51BC62DF9B0D000BE0122 /* Products */,
			);
			sourceTree = "<group>";
		};
		00A51BC62DF9B0D000BE0122 /* Products */ = {
			isa = PBXGroup;
			children = (
				00A51BC52DF9B0D000BE0122 /* FinanceApp.app */,
				00A51BD52DF9B0D100BE0122 /* FinanceAppTests.xctest */,
				00A51BDF2DF9B0D100BE0122 /* FinanceAppUITests.xctest */,
			);
			name = Products;
			sourceTree = "<group>";
		};
/* End PBXGroup section */

/* Begin PBXNativeTarget section */
		00A51BC42DF9B0D000BE0122 /* FinanceApp */ = {
			isa = PBXNativeTarget;
			buildConfigurationList = 00A51BE92DF9B0D100BE0122 /* Build configuration list for PBXNativeTarget "FinanceApp" */;
			buildPhases = (
				00A51BC12DF9B0D000BE0122 /* Sources */,
				00A51BC22DF9B0D000BE0122 /* Frameworks */,
				00A51BC32DF9B0D000BE0122 /* Resources */,
				001804282E31B78E004EFF1C /* Embed Frameworks */,
			);
			buildRules = (
			);
			dependencies = (
			);
			fileSystemSynchronizedGroups = (
				00A51BC72DF9B0D000BE0122 /* FinanceApp */,
			);
			name = FinanceApp;
			packageProductDependencies = (
				0018041A2E31B3FD004EFF1C /* Lottie */,
				00420A6D2E33060B00D7B378 /* PieChart */,
				00420A6F2E33060B00D7B378 /* Utilities */,
				00420BA82E332D8D00D7B378 /* LottieAnimation */,
			);
			productName = FinanceApp;
			productReference = 00A51BC52DF9B0D000BE0122 /* FinanceApp.app */;
			productType = "com.apple.product-type.application";
		};
		00A51BD42DF9B0D100BE0122 /* FinanceAppTests */ = {
			isa = PBXNativeTarget;
			buildConfigurationList = 00A51BEC2DF9B0D100BE0122 /* Build configuration list for PBXNativeTarget "FinanceAppTests" */;
			buildPhases = (
				00A51BD12DF9B0D100BE0122 /* Sources */,
				00A51BD22DF9B0D100BE0122 /* Frameworks */,
				00A51BD32DF9B0D100BE0122 /* Resources */,
			);
			buildRules = (
			);
			dependencies = (
				00A51BD72DF9B0D100BE0122 /* PBXTargetDependency */,
			);
			fileSystemSynchronizedGroups = (
				00A51BD82DF9B0D100BE0122 /* FinanceAppTests */,
			);
			name = FinanceAppTests;
			packageProductDependencies = (
			);
			productName = FinanceAppTests;
			productReference = 00A51BD52DF9B0D100BE0122 /* FinanceAppTests.xctest */;
			productType = "com.apple.product-type.bundle.unit-test";
		};
		00A51BDE2DF9B0D100BE0122 /* FinanceAppUITests */ = {
			isa = PBXNativeTarget;
			buildConfigurationList = 00A51BEF2DF9B0D100BE0122 /* Build configuration list for PBXNativeTarget "FinanceAppUITests" */;
			buildPhases = (
				00A51BDB2DF9B0D100BE0122 /* Sources */,
				00A51BDC2DF9B0D100BE0122 /* Frameworks */,
				00A51BDD2DF9B0D100BE0122 /* Resources */,
			);
			buildRules = (
			);
			dependencies = (
				00A51BE12DF9B0D100BE0122 /* PBXTargetDependency */,
			);
			fileSystemSynchronizedGroups = (
				00A51BE22DF9B0D100BE0122 /* FinanceAppUITests */,
			);
			name = FinanceAppUITests;
			packageProductDependencies = (
			);
			productName = FinanceAppUITests;
			productReference = 00A51BDF2DF9B0D100BE0122 /* FinanceAppUITests.xctest */;
			productType = "com.apple.product-type.bundle.ui-testing";
		};
/* End PBXNativeTarget section */

/* Begin PBXProject section */
		00A51BBD2DF9B0D000BE0122 /* Project object */ = {
			isa = PBXProject;
			attributes = {
				BuildIndependentTargetsInParallel = 1;
				LastSwiftUpdateCheck = 1610;
				LastUpgradeCheck = 1610;
				TargetAttributes = {
					00A51BC42DF9B0D000BE0122 = {
						CreatedOnToolsVersion = 16.1;
					};
					00A51BD42DF9B0D100BE0122 = {
						CreatedOnToolsVersion = 16.1;
						TestTargetID = 00A51BC42DF9B0D000BE0122;
					};
					00A51BDE2DF9B0D100BE0122 = {
						CreatedOnToolsVersion = 16.1;
						TestTargetID = 00A51BC42DF9B0D000BE0122;
					};
				};
			};
			buildConfigurationList = 00A51BC02DF9B0D000BE0122 /* Build configuration list for PBXProject "FinanceApp" */;
			developmentRegion = en;
			hasScannedForEncodings = 0;
			knownRegions = (
				en,
				Base,
			);
			mainGroup = 00A51BBC2DF9B0D000BE0122;
			minimizedProjectReferenceProxies = 1;
			packageReferences = (
				001804192E31B3FD004EFF1C /* XCRemoteSwiftPackageReference "lottie-ios" */,
				00420A6C2E33060B00D7B378 /* XCLocalSwiftPackageReference "Utilities" */,
				00420BA72E332D8D00D7B378 /* XCLocalSwiftPackageReference "LottieAnimation" */,
			);
			preferredProjectObjectVersion = 77;
			productRefGroup = 00A51BC62DF9B0D000BE0122 /* Products */;
			projectDirPath = "";
			projectRoot = "";
			targets = (
				00A51BC42DF9B0D000BE0122 /* FinanceApp */,
				00A51BD42DF9B0D100BE0122 /* FinanceAppTests */,
				00A51BDE2DF9B0D100BE0122 /* FinanceAppUITests */,
			);
		};
/* End PBXProject section */

/* Begin PBXResourcesBuildPhase section */
		00A51BC32DF9B0D000BE0122 /* Resources */ = {
			isa = PBXResourcesBuildPhase;
			buildActionMask = 2147483647;
			files = (
			);
			runOnlyForDeploymentPostprocessing = 0;
		};
		00A51BD32DF9B0D100BE0122 /* Resources */ = {
			isa = PBXResourcesBuildPhase;
			buildActionMask = 2147483647;
			files = (
			);
			runOnlyForDeploymentPostprocessing = 0;
		};
		00A51BDD2DF9B0D100BE0122 /* Resources */ = {
			isa = PBXResourcesBuildPhase;
			buildActionMask = 2147483647;
			files = (
			);
			runOnlyForDeploymentPostprocessing = 0;
		};
/* End PBXResourcesBuildPhase section */

/* Begin PBXSourcesBuildPhase section */
		00A51BC12DF9B0D000BE0122 /* Sources */ = {
			isa = PBXSourcesBuildPhase;
			buildActionMask = 2147483647;
			files = (
			);
			runOnlyForDeploymentPostprocessing = 0;
		};
		00A51BD12DF9B0D100BE0122 /* Sources */ = {
			isa = PBXSourcesBuildPhase;
			buildActionMask = 2147483647;
			files = (
			);
			runOnlyForDeploymentPostprocessing = 0;
		};
		00A51BDB2DF9B0D100BE0122 /* Sources */ = {
			isa = PBXSourcesBuildPhase;
			buildActionMask = 2147483647;
			files = (
			);
			runOnlyForDeploymentPostprocessing = 0;
		};
/* End PBXSourcesBuildPhase section */

/* Begin PBXTargetDependency section */
		00A51BD72DF9B0D100BE0122 /* PBXTargetDependency */ = {
			isa = PBXTargetDependency;
			target = 00A51BC42DF9B0D000BE0122 /* FinanceApp */;
			targetProxy = 00A51BD62DF9B0D100BE0122 /* PBXContainerItemProxy */;
		};
		00A51BE12DF9B0D100BE0122 /* PBXTargetDependency */ = {
			isa = PBXTargetDependency;
			target = 00A51BC42DF9B0D000BE0122 /* FinanceApp */;
			targetProxy = 00A51BE02DF9B0D100BE0122 /* PBXContainerItemProxy */;
		};
/* End PBXTargetDependency section */

/* Begin XCBuildConfiguration section */
		00A51BE72DF9B0D100BE0122 /* Debug */ = {
			isa = XCBuildConfiguration;
			buildSettings = {
				ALWAYS_SEARCH_USER_PATHS = NO;
				ASSETCATALOG_COMPILER_GENERATE_SWIFT_ASSET_SYMBOL_EXTENSIONS = YES;
				CLANG_ANALYZER_NONNULL = YES;
				CLANG_ANALYZER_NUMBER_OBJECT_CONVERSION = YES_AGGRESSIVE;
				CLANG_CXX_LANGUAGE_STANDARD = "gnu++20";
				CLANG_ENABLE_MODULES = YES;
				CLANG_ENABLE_OBJC_ARC = YES;
				CLANG_ENABLE_OBJC_WEAK = YES;
				CLANG_WARN_BLOCK_CAPTURE_AUTORELEASING = YES;
				CLANG_WARN_BOOL_CONVERSION = YES;
				CLANG_WARN_COMMA = YES;
				CLANG_WARN_CONSTANT_CONVERSION = YES;
				CLANG_WARN_DEPRECATED_OBJC_IMPLEMENTATIONS = YES;
				CLANG_WARN_DIRECT_OBJC_ISA_USAGE = YES_ERROR;
				CLANG_WARN_DOCUMENTATION_COMMENTS = YES;
				CLANG_WARN_EMPTY_BODY = YES;
				CLANG_WARN_ENUM_CONVERSION = YES;
				CLANG_WARN_INFINITE_RECURSION = YES;
				CLANG_WARN_INT_CONVERSION = YES;
				CLANG_WARN_NON_LITERAL_NULL_CONVERSION = YES;
				CLANG_WARN_OBJC_IMPLICIT_RETAIN_SELF = YES;
				CLANG_WARN_OBJC_LITERAL_CONVERSION = YES;
				CLANG_WARN_OBJC_ROOT_CLASS = YES_ERROR;
				CLANG_WARN_QUOTED_INCLUDE_IN_FRAMEWORK_HEADER = YES;
				CLANG_WARN_RANGE_LOOP_ANALYSIS = YES;
				CLANG_WARN_STRICT_PROTOTYPES = YES;
				CLANG_WARN_SUSPICIOUS_MOVE = YES;
				CLANG_WARN_UNGUARDED_AVAILABILITY = YES_AGGRESSIVE;
				CLANG_WARN_UNREACHABLE_CODE = YES;
				CLANG_WARN__DUPLICATE_METHOD_MATCH = YES;
				COPY_PHASE_STRIP = NO;
				DEBUG_INFORMATION_FORMAT = dwarf;
				ENABLE_STRICT_OBJC_MSGSEND = YES;
				ENABLE_TESTABILITY = YES;
				ENABLE_USER_SCRIPT_SANDBOXING = YES;
				GCC_C_LANGUAGE_STANDARD = gnu17;
				GCC_DYNAMIC_NO_PIC = NO;
				GCC_NO_COMMON_BLOCKS = YES;
				GCC_OPTIMIZATION_LEVEL = 0;
				GCC_PREPROCESSOR_DEFINITIONS = (
					"DEBUG=1",
					"$(inherited)",
				);
				GCC_WARN_64_TO_32_BIT_CONVERSION = YES;
				GCC_WARN_ABOUT_RETURN_TYPE = YES_ERROR;
				GCC_WARN_UNDECLARED_SELECTOR = YES;
				GCC_WARN_UNINITIALIZED_AUTOS = YES_AGGRESSIVE;
				GCC_WARN_UNUSED_FUNCTION = YES;
				GCC_WARN_UNUSED_VARIABLE = YES;
				IPHONEOS_DEPLOYMENT_TARGET = 18.1;
				LOCALIZATION_PREFERS_STRING_CATALOGS = YES;
				MTL_ENABLE_DEBUG_INFO = INCLUDE_SOURCE;
				MTL_FAST_MATH = YES;
				ONLY_ACTIVE_ARCH = YES;
				SDKROOT = iphoneos;
				SWIFT_ACTIVE_COMPILATION_CONDITIONS = "DEBUG $(inherited)";
				SWIFT_OPTIMIZATION_LEVEL = "-Onone";
			};
			name = Debug;
		};
		00A51BE82DF9B0D100BE0122 /* Release */ = {
			isa = XCBuildConfiguration;
			buildSettings = {
				ALWAYS_SEARCH_USER_PATHS = NO;
				ASSETCATALOG_COMPILER_GENERATE_SWIFT_ASSET_SYMBOL_EXTENSIONS = YES;
				CLANG_ANALYZER_NONNULL = YES;
				CLANG_ANALYZER_NUMBER_OBJECT_CONVERSION = YES_AGGRESSIVE;
				CLANG_CXX_LANGUAGE_STANDARD = "gnu++20";
				CLANG_ENABLE_MODULES = YES;
				CLANG_ENABLE_OBJC_ARC = YES;
				CLANG_ENABLE_OBJC_WEAK = YES;
				CLANG_WARN_BLOCK_CAPTURE_AUTORELEASING = YES;
				CLANG_WARN_BOOL_CONVERSION = YES;
				CLANG_WARN_COMMA = YES;
				CLANG_WARN_CONSTANT_CONVERSION = YES;
				CLANG_WARN_DEPRECATED_OBJC_IMPLEMENTATIONS = YES;
				CLANG_WARN_DIRECT_OBJC_ISA_USAGE = YES_ERROR;
				CLANG_WARN_DOCUMENTATION_COMMENTS = YES;
				CLANG_WARN_EMPTY_BODY = YES;
				CLANG_WARN_ENUM_CONVERSION = YES;
				CLANG_WARN_INFINITE_RECURSION = YES;
				CLANG_WARN_INT_CONVERSION = YES;
				CLANG_WARN_NON_LITERAL_NULL_CONVERSION = YES;
				CLANG_WARN_OBJC_IMPLICIT_RETAIN_SELF = YES;
				CLANG_WARN_OBJC_LITERAL_CONVERSION = YES;
				CLANG_WARN_OBJC_ROOT_CLASS = YES_ERROR;
				CLANG_WARN_QUOTED_INCLUDE_IN_FRAMEWORK_HEADER = YES;
				CLANG_WARN_RANGE_LOOP_ANALYSIS = YES;
				CLANG_WARN_STRICT_PROTOTYPES = YES;
				CLANG_WARN_SUSPICIOUS_MOVE = YES;
				CLANG_WARN_UNGUARDED_AVAILABILITY = YES_AGGRESSIVE;
				CLANG_WARN_UNREACHABLE_CODE = YES;
				CLANG_WARN__DUPLICATE_METHOD_MATCH = YES;
				COPY_PHASE_STRIP = NO;
				DEBUG_INFORMATION_FORMAT = "dwarf-with-dsym";
				ENABLE_NS_ASSERTIONS = NO;
				ENABLE_STRICT_OBJC_MSGSEND = YES;
				ENABLE_USER_SCRIPT_SANDBOXING = YES;
				GCC_C_LANGUAGE_STANDARD = gnu17;
				GCC_NO_COMMON_BLOCKS = YES;
				GCC_WARN_64_TO_32_BIT_CONVERSION = YES;
				GCC_WARN_ABOUT_RETURN_TYPE = YES_ERROR;
				GCC_WARN_UNDECLARED_SELECTOR = YES;
				GCC_WARN_UNINITIALIZED_AUTOS = YES_AGGRESSIVE;
				GCC_WARN_UNUSED_FUNCTION = YES;
				GCC_WARN_UNUSED_VARIABLE = YES;
				IPHONEOS_DEPLOYMENT_TARGET = 18.1;
				LOCALIZATION_PREFERS_STRING_CATALOGS = YES;
				MTL_ENABLE_DEBUG_INFO = NO;
				MTL_FAST_MATH = YES;
				SDKROOT = iphoneos;
				SWIFT_COMPILATION_MODE = wholemodule;
				VALIDATE_PRODUCT = YES;
			};
			name = Release;
		};
		00A51BEA2DF9B0D100BE0122 /* Debug */ = {
			isa = XCBuildConfiguration;
			buildSettings = {
				ASSETCATALOG_COMPILER_APPICON_NAME = AppIcon;
				ASSETCATALOG_COMPILER_GLOBAL_ACCENT_COLOR_NAME = AccentColor;
				CODE_SIGN_STYLE = Automatic;
				CURRENT_PROJECT_VERSION = 1;
				DEVELOPMENT_ASSET_PATHS = "\"FinanceApp/Preview Content\"";
				ENABLE_PREVIEWS = YES;
				GENERATE_INFOPLIST_FILE = YES;
				INFOPLIST_KEY_UIApplicationSceneManifest_Generation = YES;
				INFOPLIST_KEY_UIApplicationSupportsIndirectInputEvents = YES;
				INFOPLIST_KEY_UILaunchScreen_Generation = YES;
				INFOPLIST_KEY_UISupportedInterfaceOrientations_iPad = "UIInterfaceOrientationPortrait UIInterfaceOrientationPortraitUpsideDown UIInterfaceOrientationLandscapeLeft UIInterfaceOrientationLandscapeRight";
				INFOPLIST_KEY_UISupportedInterfaceOrientations_iPhone = "UIInterfaceOrientationPortrait UIInterfaceOrientationLandscapeLeft UIInterfaceOrientationLandscapeRight";
				LD_RUNPATH_SEARCH_PATHS = (
					"$(inherited)",
					"@executable_path/Frameworks",
				);
				MARKETING_VERSION = 1.0;
				PRODUCT_BUNDLE_IDENTIFIER = "-.FinanceApp";
				PRODUCT_NAME = "$(TARGET_NAME)";
				SWIFT_EMIT_LOC_STRINGS = YES;
				SWIFT_VERSION = 5.0;
				TARGETED_DEVICE_FAMILY = "1,2";
			};
			name = Debug;
		};
		00A51BEB2DF9B0D100BE0122 /* Release */ = {
			isa = XCBuildConfiguration;
			buildSettings = {
				ASSETCATALOG_COMPILER_APPICON_NAME = AppIcon;
				ASSETCATALOG_COMPILER_GLOBAL_ACCENT_COLOR_NAME = AccentColor;
				CODE_SIGN_STYLE = Automatic;
				CURRENT_PROJECT_VERSION = 1;
				DEVELOPMENT_ASSET_PATHS = "\"FinanceApp/Preview Content\"";
				ENABLE_PREVIEWS = YES;
				GENERATE_INFOPLIST_FILE = YES;
				INFOPLIST_KEY_UIApplicationSceneManifest_Generation = YES;
				INFOPLIST_KEY_UIApplicationSupportsIndirectInputEvents = YES;
				INFOPLIST_KEY_UILaunchScreen_Generation = YES;
				INFOPLIST_KEY_UISupportedInterfaceOrientations_iPad = "UIInterfaceOrientationPortrait UIInterfaceOrientationPortraitUpsideDown UIInterfaceOrientationLandscapeLeft UIInterfaceOrientationLandscapeRight";
				INFOPLIST_KEY_UISupportedInterfaceOrientations_iPhone = "UIInterfaceOrientationPortrait UIInterfaceOrientationLandscapeLeft UIInterfaceOrientationLandscapeRight";
				LD_RUNPATH_SEARCH_PATHS = (
					"$(inherited)",
					"@executable_path/Frameworks",
				);
				MARKETING_VERSION = 1.0;
				PRODUCT_BUNDLE_IDENTIFIER = "-.FinanceApp";
				PRODUCT_NAME = "$(TARGET_NAME)";
				SWIFT_EMIT_LOC_STRINGS = YES;
				SWIFT_VERSION = 5.0;
				TARGETED_DEVICE_FAMILY = "1,2";
			};
			name = Release;
		};
		00A51BED2DF9B0D100BE0122 /* Debug */ = {
			isa = XCBuildConfiguration;
			buildSettings = {
				BUNDLE_LOADER = "$(TEST_HOST)";
				CODE_SIGN_STYLE = Automatic;
				CURRENT_PROJECT_VERSION = 1;
				GENERATE_INFOPLIST_FILE = YES;
				IPHONEOS_DEPLOYMENT_TARGET = 18.1;
				MARKETING_VERSION = 1.0;
				PRODUCT_BUNDLE_IDENTIFIER = "-.FinanceAppTests";
				PRODUCT_NAME = "$(TARGET_NAME)";
				SWIFT_EMIT_LOC_STRINGS = NO;
				SWIFT_VERSION = 5.0;
				TARGETED_DEVICE_FAMILY = "1,2";
				TEST_HOST = "$(BUILT_PRODUCTS_DIR)/FinanceApp.app/$(BUNDLE_EXECUTABLE_FOLDER_PATH)/FinanceApp";
			};
			name = Debug;
		};
		00A51BEE2DF9B0D100BE0122 /* Release */ = {
			isa = XCBuildConfiguration;
			buildSettings = {
				BUNDLE_LOADER = "$(TEST_HOST)";
				CODE_SIGN_STYLE = Automatic;
				CURRENT_PROJECT_VERSION = 1;
				GENERATE_INFOPLIST_FILE = YES;
				IPHONEOS_DEPLOYMENT_TARGET = 18.1;
				MARKETING_VERSION = 1.0;
				PRODUCT_BUNDLE_IDENTIFIER = "-.FinanceAppTests";
				PRODUCT_NAME = "$(TARGET_NAME)";
				SWIFT_EMIT_LOC_STRINGS = NO;
				SWIFT_VERSION = 5.0;
				TARGETED_DEVICE_FAMILY = "1,2";
				TEST_HOST = "$(BUILT_PRODUCTS_DIR)/FinanceApp.app/$(BUNDLE_EXECUTABLE_FOLDER_PATH)/FinanceApp";
			};
			name = Release;
		};
		00A51BF02DF9B0D100BE0122 /* Debug */ = {
			isa = XCBuildConfiguration;
			buildSettings = {
				CODE_SIGN_STYLE = Automatic;
				CURRENT_PROJECT_VERSION = 1;
				GENERATE_INFOPLIST_FILE = YES;
				MARKETING_VERSION = 1.0;
				PRODUCT_BUNDLE_IDENTIFIER = "-.FinanceAppUITests";
				PRODUCT_NAME = "$(TARGET_NAME)";
				SWIFT_EMIT_LOC_STRINGS = NO;
				SWIFT_VERSION = 5.0;
				TARGETED_DEVICE_FAMILY = "1,2";
				TEST_TARGET_NAME = FinanceApp;
			};
			name = Debug;
		};
		00A51BF12DF9B0D100BE0122 /* Release */ = {
			isa = XCBuildConfiguration;
			buildSettings = {
				CODE_SIGN_STYLE = Automatic;
				CURRENT_PROJECT_VERSION = 1;
				GENERATE_INFOPLIST_FILE = YES;
				MARKETING_VERSION = 1.0;
				PRODUCT_BUNDLE_IDENTIFIER = "-.FinanceAppUITests";
				PRODUCT_NAME = "$(TARGET_NAME)";
				SWIFT_EMIT_LOC_STRINGS = NO;
				SWIFT_VERSION = 5.0;
				TARGETED_DEVICE_FAMILY = "1,2";
				TEST_TARGET_NAME = FinanceApp;
			};
			name = Release;
		};
/* End XCBuildConfiguration section */

/* Begin XCConfigurationList section */
		00A51BC02DF9B0D000BE0122 /* Build configuration list for PBXProject "FinanceApp" */ = {
			isa = XCConfigurationList;
			buildConfigurations = (
				00A51BE72DF9B0D100BE0122 /* Debug */,
				00A51BE82DF9B0D100BE0122 /* Release */,
			);
			defaultConfigurationIsVisible = 0;
			defaultConfigurationName = Release;
		};
		00A51BE92DF9B0D100BE0122 /* Build configuration list for PBXNativeTarget "FinanceApp" */ = {
			isa = XCConfigurationList;
			buildConfigurations = (
				00A51BEA2DF9B0D100BE0122 /* Debug */,
				00A51BEB2DF9B0D100BE0122 /* Release */,
			);
			defaultConfigurationIsVisible = 0;
			defaultConfigurationName = Release;
		};
		00A51BEC2DF9B0D100BE0122 /* Build configuration list for PBXNativeTarget "FinanceAppTests" */ = {
			isa = XCConfigurationList;
			buildConfigurations = (
				00A51BED2DF9B0D100BE0122 /* Debug */,
				00A51BEE2DF9B0D100BE0122 /* Release */,
			);
			defaultConfigurationIsVisible = 0;
			defaultConfigurationName = Release;
		};
		00A51BEF2DF9B0D100BE0122 /* Build configuration list for PBXNativeTarget "FinanceAppUITests" */ = {
			isa = XCConfigurationList;
			buildConfigurations = (
				00A51BF02DF9B0D100BE0122 /* Debug */,
				00A51BF12DF9B0D100BE0122 /* Release */,
			);
			defaultConfigurationIsVisible = 0;
			defaultConfigurationName = Release;
		};
/* End XCConfigurationList section */

/* Begin XCLocalSwiftPackageReference section */
		00420A6C2E33060B00D7B378 /* XCLocalSwiftPackageReference "Utilities" */ = {
			isa = XCLocalSwiftPackageReference;
			relativePath = Utilities;
		};
		00420BA72E332D8D00D7B378 /* XCLocalSwiftPackageReference "LottieAnimation" */ = {
			isa = XCLocalSwiftPackageReference;
			relativePath = LottieAnimation;
		};
/* End XCLocalSwiftPackageReference section */

/* Begin XCRemoteSwiftPackageReference section */
		001804192E31B3FD004EFF1C /* XCRemoteSwiftPackageReference "lottie-ios" */ = {
			isa = XCRemoteSwiftPackageReference;
			repositoryURL = "https://github.com/airbnb/lottie-ios";
			requirement = {
				kind = upToNextMajorVersion;
				minimumVersion = 4.5.2;
			};
		};
/* End XCRemoteSwiftPackageReference section */

/* Begin XCSwiftPackageProductDependency section */
		0018041A2E31B3FD004EFF1C /* Lottie */ = {
			isa = XCSwiftPackageProductDependency;
			package = 001804192E31B3FD004EFF1C /* XCRemoteSwiftPackageReference "lottie-ios" */;
			productName = Lottie;
		};
		00420A6D2E33060B00D7B378 /* PieChart */ = {
			isa = XCSwiftPackageProductDependency;
			productName = PieChart;
		};
		00420A6F2E33060B00D7B378 /* Utilities */ = {
			isa = XCSwiftPackageProductDependency;
			productName = Utilities;
		};
		00420BA82E332D8D00D7B378 /* LottieAnimation */ = {
			isa = XCSwiftPackageProductDependency;
			productName = LottieAnimation;
		};
/* End XCSwiftPackageProductDependency section */
	};
	rootObject = 00A51BBD2DF9B0D000BE0122 /* Project object */;
}
